{
  "name": "tmnt-hub",
  "version": "1.0.0",
  "lockfileVersion": 2,
  "requires": true,
  "packages": {
    "": {
      "name": "tmnt-hub",
      "version": "1.0.0",
      "dependencies": {
        "@vercel/edge-config": "^0.4.1",
        "@vercel/kv": "^1.0.1"
      },
      "devDependencies": {
        "dotenv": "^17.2.1"
      }
    },
    "node_modules/@upstash/redis": {
      "version": "1.25.1",
      "resolved": "https://registry.npmjs.org/@upstash/redis/-/redis-1.25.1.tgz",
      "integrity": "sha512-ACj0GhJ4qrQyBshwFgPod6XufVEfKX2wcaihsEvSdLYnY+m+pa13kGt1RXm/yTHKf4TQi/Dy2A8z/y6WUEOmlg==",
      "dependencies": {
        "crypto-js": "^4.2.0"
      }
    },
    "node_modules/@vercel/edge-config": {
      "version": "0.4.1",
      "resolved": "https://registry.npmjs.org/@vercel/edge-config/-/edge-config-0.4.1.tgz",
      "integrity": "sha512-4Mc3H7lE+x4RrL17nY8CWeEorvJHbkNbQTy9p8H1tO7y11WeKj5xeZSr07wNgfWInKXDUwj5FZ3qd/jIzjPxug==",
      "dependencies": {
        "@vercel/edge-config-fs": "0.1.0"
      },
      "engines": {
        "node": ">=14.6"
      }
    },
    "node_modules/@vercel/edge-config-fs": {
      "version": "0.1.0",
      "resolved": "https://registry.npmjs.org/@vercel/edge-config-fs/-/edge-config-fs-0.1.0.tgz",
      "integrity": "sha512-NRIBwfcS0bUoUbRWlNGetqjvLSwgYH/BqKqDN7vK1g32p7dN96k0712COgaz6VFizAm9b0g6IG6hR6+hc0KCPg=="
    },
    "node_modules/@vercel/kv": {
      "version": "1.0.1",
      "resolved": "https://registry.npmjs.org/@vercel/kv/-/kv-1.0.1.tgz",
      "integrity": "sha512-uTKddsqVYS2GRAM/QMNNXCTuw9N742mLoGRXoNDcyECaxEXvIHG0dEY+ZnYISV4Vz534VwJO+64fd9XeSggSKw==",
      "dependencies": {
        "@upstash/redis": "1.25.1"
      },
      "engines": {
        "node": ">=14.6"
      }
    },
    "node_modules/crypto-js": {
      "version": "4.2.0",
      "resolved": "https://registry.npmjs.org/crypto-js/-/crypto-js-4.2.0.tgz",
      "integrity": "sha512-KALDyEYgpY+Rlob/iriUtjV6d5Eq+Y191A5g4UqLAi8CyGP9N1+FdVbkc1SxKc2r4YAYqG8JzO2KGL+AizD70Q=="
    },
    "node_modules/dotenv": {
      "version": "17.2.1",
      "resolved": "https://registry.npmjs.org/dotenv/-/dotenv-17.2.1.tgz",
      "integrity": "sha512-kQhDYKZecqnM0fCnzI5eIv5L4cAe/iRI+HqMbO/hbRdTAeXDG+M9FjipUxNfbARuEg4iHIbhnhs78BCHNbSxEQ==",
      "dev": true,
      "engines": {
        "node": ">=12"
      },
      "funding": {
        "url": "https://dotenvx.com"
      }
    }
  },
  "dependencies": {
    "@upstash/redis": {
      "version": "1.25.1",
      "resolved": "https://registry.npmjs.org/@upstash/redis/-/redis-1.25.1.tgz",
      "integrity": "sha512-ACj0GhJ4qrQyBshwFgPod6XufVEfKX2wcaihsEvSdLYnY+m+pa13kGt1RXm/yTHKf4TQi/Dy2A8z/y6WUEOmlg==",
      "requires": {
        "crypto-js": "^4.2.0"
      }
    },
    "@vercel/edge-config": {
      "version": "0.4.1",
      "resolved": "https://registry.npmjs.org/@vercel/edge-config/-/edge-config-0.4.1.tgz",
      "integrity": "sha512-4Mc3H7lE+x4RrL17nY8CWeEorvJHbkNbQTy9p8H1tO7y11WeKj5xeZSr07wNgfWInKXDUwj5FZ3qd/jIzjPxug==",
      "requires": {
        "@vercel/edge-config-fs": "0.1.0"
      }
    },
    "@vercel/edge-config-fs": {
      "version": "0.1.0",
      "resolved": "https://registry.npmjs.org/@vercel/edge-config-fs/-/edge-config-fs-0.1.0.tgz",
      "integrity": "sha512-NRIBwfcS0bUoUbRWlNGetqjvLSwgYH/BqKqDN7vK1g32p7dN96k0712COgaz6VFizAm9b0g6IG6hR6+hc0KCPg=="
    },
    "@vercel/kv": {
      "version": "1.0.1",
      "resolved": "https://registry.npmjs.org/@vercel/kv/-/kv-1.0.1.tgz",
      "integrity": "sha512-uTKddsqVYS2GRAM/QMNNXCTuw9N742mLoGRXoNDcyECaxEXvIHG0dEY+ZnYISV4Vz534VwJO+64fd9XeSggSKw==",
      "requires": {
        "@upstash/redis": "1.25.1"
      }
    },
    "crypto-js": {
      "version": "4.2.0",
      "resolved": "https://registry.npmjs.org/crypto-js/-/crypto-js-4.2.0.tgz",
      "integrity": "sha512-KALDyEYgpY+Rlob/iriUtjV6d5Eq+Y191A5g4UqLAi8CyGP9N1+FdVbkc1SxKc2r4YAYqG8JzO2KGL+AizD70Q=="
    },
    "dotenv": {
      "version": "17.2.1",
      "resolved": "https://registry.npmjs.org/dotenv/-/dotenv-17.2.1.tgz",
      "integrity": "sha512-kQhDYKZecqnM0fCnzI5eIv5L4cAe/iRI+HqMbO/hbRdTAeXDG+M9FjipUxNfbARuEg4iHIbhnhs78BCHNbSxEQ==",
      "dev": true
    }
  }
}
